
Microsoft Visual Studio Solution File, Format Version 12.00
# Visual Studio Version 17
VisualStudioVersion = 17.8.34330.188
MinimumVisualStudioVersion = 10.0.40219.1
Project("{9A19103F-16F7-4668-BE54-9A1E7A4F7556}") = "MiniProject_BookStore", "MiniProject_BookStore\MiniProject_BookStore.csproj", "{655F5BB5-437C-44F2-95A0-8E1BFB91ADB2}"
EndProject
Global
	GlobalSection(SolutionConfigurationPlatforms) = preSolution
		Debug|Any CPU = Debug|Any CPU
		Release|Any CPU = Release|Any CPU
	EndGlobalSection
	GlobalSection(ProjectConfigurationPlatforms) = postSolution
		{655F5BB5-437C-44F2-95A0-8E1BFB91ADB2}.Debug|Any CPU.ActiveCfg = Debug|Any CPU
		{655F5BB5-437C-44F2-95A0-8E1BFB91ADB2}.Debug|Any CPU.Build.0 = Debug|Any CPU
		{655F5BB5-437C-44F2-95A0-8E1BFB91ADB2}.Release|Any CPU.ActiveCfg = Release|Any CPU
		{655F5BB5-437C-44F2-95A0-8E1BFB91ADB2}.Release|Any CPU.Build.0 = Release|Any CPU
	EndGlobalSection
	GlobalSection(SolutionProperties) = preSolution
		HideSolutionNode = FALSE
	EndGlobalSection
	GlobalSection(ExtensibilityGlobals) = postSolution
		SolutionGuid = {18A092BC-9BF6-4D60-BAC5-8FA464DC6453}
	EndGlobalSection
EndGlobal
